{
  "nodes": {
    "nixpkgs": {
      "locked": {
        "lastModified": 1753844155,
        "narHash": "sha256-w81jpZeM3AtYlTKIhT05p3IqvJRIHZPyp0Acgb6hXWc=",
        "owner": "NixOS",
        "repo": "nixpkgs",
        "rev": "e44b8dc0882d66e2627a8ff252b04a22f4a629fd",
        "type": "github"
      },
      "original": {
        "id": "nixpkgs",
        "ref": "nixpkgs-unstable",
        "type": "indirect"
      }
    },
    "ocaml-overlay": {
      "inputs": {
        "nixpkgs": [
          "nixpkgs"
        ]
      },
      "locked": {
        "lastModified": 1753970440,
        "narHash": "sha256-ouk2baXkX4NuLeWBQbF79ya5epFwzM03Vw0nPWFnB1k=",
        "owner": "nix-ocaml",
        "repo": "nix-overlays",
        "rev": "2e1b35872aaf466255e58dcd284df5e17b4df545",
        "type": "github"
      },
      "original": {
        "owner": "nix-ocaml",
        "repo": "nix-overlays",
        "type": "github"
      }
    },
    "root": {
      "inputs": {
        "nixpkgs": "nixpkgs",
        "ocaml-overlay": "ocaml-overlay"
      }
    }
  },
  "root": "root",
  "version": 7
}
